# THIS IS AN AUTOGENERATED FILE. DO NOT EDIT THIS FILE DIRECTLY.
# yarn lockfile v1


"@auth0/auth0-react@^2.3.0":
  version "2.3.0"
  resolved "https://registry.yarnpkg.com/@auth0/auth0-react/-/auth0-react-2.3.0.tgz#59273aeafac8494ad87bfc8e5dfb9d72a8fbd80f"
  integrity sha512-YYTc/DWWigKC9fURufR/79h3+3DAnIzbfEzJLZ8Z4Q0BXE0azru3pKUbU+vYzS4lMAJkclwLuAbUnLjK81vCpA==
  dependencies:
    "@auth0/auth0-spa-js" "^2.1.3"

"@auth0/auth0-spa-js@^2.1.3":
  version "2.1.3"
  resolved "https://registry.yarnpkg.com/@auth0/auth0-spa-js/-/auth0-spa-js-2.1.3.tgz#aabf6f439e41edbeef0cf4766ad754e5b47616e5"
  integrity sha512-NMTBNuuG4g3rame1aCnNS5qFYIzsTUV5qTFPRfTyYFS1feS6jsCBR+eTq9YkxCp1yuoM2UIcjunPaoPl77U9xQ==

yarn@^1.22.22:
  version "1.22.22"
  resolved "https://registry.yarnpkg.com/yarn/-/yarn-1.22.22.tgz#ac34549e6aa8e7ead463a7407e1c7390f61a6610"
  integrity sha512-prL3kGtyG7o9Z9Sv8IPfBNrWTDmXB4Qbes8A9rEzt6wkJV8mUvoirjU0Mp3GGAU06Y0XQyA3/2/RQFVuK7MTfg==
