# This file is automatically @generated by Poetry 2.1.3 and should not be changed by hand.

[[package]]
name = "asgiref"
version = "3.8.1"
description = "ASGI specs, helper code, and adapters"
optional = false
python-versions = ">=3.8"
groups = ["main"]
files = [
    {file = "asgiref-3.8.1-py3-none-any.whl", hash = "sha256:3e1e3ecc849832fe52ccf2cb6686b7a55f82bb1d6aee72a58826471390335e47"},
    {file = "asgiref-3.8.1.tar.gz", hash = "sha256:c343bd80a0bec947a9860adb4c432ffa7db769836c64238fc34bdc3fec84d590"},
]

[package.extras]
tests = ["mypy (>=0.800)", "pytest", "pytest-asyncio"]

[[package]]
name = "authlib"
version = "1.6.0"
description = "The ultimate Python library in building OAuth and OpenID Connect servers and clients."
optional = false
python-versions = ">=3.9"
groups = ["main"]
files = [
    {file = "authlib-1.6.0-py2.py3-none-any.whl", hash = "sha256:91685589498f79e8655e8a8947431ad6288831d643f11c55c2143ffcc738048d"},
    {file = "authlib-1.6.0.tar.gz", hash = "sha256:4367d32031b7af175ad3a323d571dc7257b7099d55978087ceae4a0d88cd3210"},
]

[package.dependencies]
cryptography = "*"

[[package]]
name = "cffi"
version = "1.17.1"
description = "Foreign Function Interface for Python calling C code."
optional = false
python-versions = ">=3.8"
groups = ["main"]
markers = "platform_python_implementation != \"PyPy\""
files = [
    {file = "cffi-1.17.1-cp310-cp310-macosx_10_9_x86_64.whl", hash = "sha256:df8b1c11f177bc2313ec4b2d46baec87a5f3e71fc8b45dab2ee7cae86d9aba14"},
    {file = "cffi-1.17.1-cp310-cp310-macosx_11_0_arm64.whl", hash = "sha256:8f2cdc858323644ab277e9bb925ad72ae0e67f69e804f4898c070998d50b1a67"},
    {file = "cffi-1.17.1-cp310-cp310-manylinux_2_12_i686.manylinux2010_i686.manylinux_2_17_i686.manylinux2014_i686.whl", hash = "sha256:edae79245293e15384b51f88b00613ba9f7198016a5948b5dddf4917d4d26382"},
    {file = "cffi-1.17.1-cp310-cp310-manylinux_2_17_aarch64.manylinux2014_aarch64.whl", hash = "sha256:45398b671ac6d70e67da8e4224a065cec6a93541bb7aebe1b198a61b58c7b702"},
    {file = "cffi-1.17.1-cp310-cp310-manylinux_2_17_ppc64le.manylinux2014_ppc64le.whl", hash = "sha256:ad9413ccdeda48c5afdae7e4fa2192157e991ff761e7ab8fdd8926f40b160cc3"},
    {file = "cffi-1.17.1-cp310-cp310-manylinux_2_17_s390x.manylinux2014_s390x.whl", hash = "sha256:5da5719280082ac6bd9aa7becb3938dc9f9cbd57fac7d2871717b1feb0902ab6"},
    {file = "cffi-1.17.1-cp310-cp310-manylinux_2_17_x86_64.manylinux2014_x86_64.whl", hash = "sha256:2bb1a08b8008b281856e5971307cc386a8e9c5b625ac297e853d36da6efe9c17"},
    {file = "cffi-1.17.1-cp310-cp310-musllinux_1_1_aarch64.whl", hash = "sha256:045d61c734659cc045141be4bae381a41d89b741f795af1dd018bfb532fd0df8"},
    {file = "cffi-1.17.1-cp310-cp310-musllinux_1_1_i686.whl", hash = "sha256:6883e737d7d9e4899a8a695e00ec36bd4e5e4f18fabe0aca0efe0a4b44cdb13e"},
    {file = "cffi-1.17.1-cp310-cp310-musllinux_1_1_x86_64.whl", hash = "sha256:6b8b4a92e1c65048ff98cfe1f735ef8f1ceb72e3d5f0c25fdb12087a23da22be"},
    {file = "cffi-1.17.1-cp310-cp310-win32.whl", hash = "sha256:c9c3d058ebabb74db66e431095118094d06abf53284d9c81f27300d0e0d8bc7c"},
    {file = "cffi-1.17.1-cp310-cp310-win_amd64.whl", hash = "sha256:0f048dcf80db46f0098ccac01132761580d28e28bc0f78ae0d58048063317e15"},
    {file = "cffi-1.17.1-cp311-cp311-macosx_10_9_x86_64.whl", hash = "sha256:a45e3c6913c5b87b3ff120dcdc03f6131fa0065027d0ed7ee6190736a74cd401"},
    {file = "cffi-1.17.1-cp311-cp311-macosx_11_0_arm64.whl", hash = "sha256:30c5e0cb5ae493c04c8b42916e52ca38079f1b235c2f8ae5f4527b963c401caf"},
    {file = "cffi-1.17.1-cp311-cp311-manylinux_2_12_i686.manylinux2010_i686.manylinux_2_17_i686.manylinux2014_i686.whl", hash = "sha256:f75c7ab1f9e4aca5414ed4d8e5c0e303a34f4421f8a0d47a4d019ceff0ab6af4"},
    {file = "cffi-1.17.1-cp311-cp311-manylinux_2_17_aarch64.manylinux2014_aarch64.whl", hash = "sha256:a1ed2dd2972641495a3ec98445e09766f077aee98a1c896dcb4ad0d303628e41"},
    {file = "cffi-1.17.1-cp311-cp311-manylinux_2_17_ppc64le.manylinux2014_ppc64le.whl", hash = "sha256:46bf43160c1a35f7ec506d254e5c890f3c03648a4dbac12d624e4490a7046cd1"},
    {file = "cffi-1.17.1-cp311-cp311-manylinux_2_17_s390x.manylinux2014_s390x.whl", hash = "sha256:a24ed04c8ffd54b0729c07cee15a81d964e6fee0e3d4d342a27b020d22959dc6"},
    {file = "cffi-1.17.1-cp311-cp311-manylinux_2_17_x86_64.manylinux2014_x86_64.whl", hash = "sha256:610faea79c43e44c71e1ec53a554553fa22321b65fae24889706c0a84d4ad86d"},
    {file = "cffi-1.17.1-cp311-cp311-musllinux_1_1_aarch64.whl", hash = "sha256:a9b15d491f3ad5d692e11f6b71f7857e7835eb677955c00cc0aefcd0669adaf6"},
    {file = "cffi-1.17.1-cp311-cp311-musllinux_1_1_i686.whl", hash = "sha256:de2ea4b5833625383e464549fec1bc395c1bdeeb5f25c4a3a82b5a8c756ec22f"},
    {file = "cffi-1.17.1-cp311-cp311-musllinux_1_1_x86_64.whl", hash = "sha256:fc48c783f9c87e60831201f2cce7f3b2e4846bf4d8728eabe54d60700b318a0b"},
    {file = "cffi-1.17.1-cp311-cp311-win32.whl", hash = "sha256:85a950a4ac9c359340d5963966e3e0a94a676bd6245a4b55bc43949eee26a655"},
    {file = "cffi-1.17.1-cp311-cp311-win_amd64.whl", hash = "sha256:caaf0640ef5f5517f49bc275eca1406b0ffa6aa184892812030f04c2abf589a0"},
    {file = "cffi-1.17.1-cp312-cp312-macosx_10_9_x86_64.whl", hash = "sha256:805b4371bf7197c329fcb3ead37e710d1bca9da5d583f5073b799d5c5bd1eee4"},
    {file = "cffi-1.17.1-cp312-cp312-macosx_11_0_arm64.whl", hash = "sha256:733e99bc2df47476e3848417c5a4540522f234dfd4ef3ab7fafdf555b082ec0c"},
    {file = "cffi-1.17.1-cp312-cp312-manylinux_2_12_i686.manylinux2010_i686.manylinux_2_17_i686.manylinux2014_i686.whl", hash = "sha256:1257bdabf294dceb59f5e70c64a3e2f462c30c7ad68092d01bbbfb1c16b1ba36"},
    {file = "cffi-1.17.1-cp312-cp312-manylinux_2_17_aarch64.manylinux2014_aarch64.whl", hash = "sha256:da95af8214998d77a98cc14e3a3bd00aa191526343078b530ceb0bd710fb48a5"},
    {file = "cffi-1.17.1-cp312-cp312-manylinux_2_17_ppc64le.manylinux2014_ppc64le.whl", hash = "sha256:d63afe322132c194cf832bfec0dc69a99fb9bb6bbd550f161a49e9e855cc78ff"},
    {file = "cffi-1.17.1-cp312-cp312-manylinux_2_17_s390x.manylinux2014_s390x.whl", hash = "sha256:f79fc4fc25f1c8698ff97788206bb3c2598949bfe0fef03d299eb1b5356ada99"},
    {file = "cffi-1.17.1-cp312-cp312-manylinux_2_17_x86_64.manylinux2014_x86_64.whl", hash = "sha256:b62ce867176a75d03a665bad002af8e6d54644fad99a3c70905c543130e39d93"},
    {file = "cffi-1.17.1-cp312-cp312-musllinux_1_1_aarch64.whl", hash = "sha256:386c8bf53c502fff58903061338ce4f4950cbdcb23e2902d86c0f722b786bbe3"},
    {file = "cffi-1.17.1-cp312-cp312-musllinux_1_1_x86_64.whl", hash = "sha256:4ceb10419a9adf4460ea14cfd6bc43d08701f0835e979bf821052f1805850fe8"},
    {file = "cffi-1.17.1-cp312-cp312-win32.whl", hash = "sha256:a08d7e755f8ed21095a310a693525137cfe756ce62d066e53f502a83dc550f65"},
    {file = "cffi-1.17.1-cp312-cp312-win_amd64.whl", hash = "sha256:51392eae71afec0d0c8fb1a53b204dbb3bcabcb3c9b807eedf3e1e6ccf2de903"},
    {file = "cffi-1.17.1-cp313-cp313-macosx_10_13_x86_64.whl", hash = "sha256:f3a2b4222ce6b60e2e8b337bb9596923045681d71e5a082783484d845390938e"},
    {file = "cffi-1.17.1-cp313-cp313-macosx_11_0_arm64.whl", hash = "sha256:0984a4925a435b1da406122d4d7968dd861c1385afe3b45ba82b750f229811e2"},
    {file = "cffi-1.17.1-cp313-cp313-manylinux_2_12_i686.manylinux2010_i686.manylinux_2_17_i686.manylinux2014_i686.whl", hash = "sha256:d01b12eeeb4427d3110de311e1774046ad344f5b1a7403101878976ecd7a10f3"},
    {file = "cffi-1.17.1-cp313-cp313-manylinux_2_17_aarch64.manylinux2014_aarch64.whl", hash = "sha256:706510fe141c86a69c8ddc029c7910003a17353970cff3b904ff0686a5927683"},
    {file = "cffi-1.17.1-cp313-cp313-manylinux_2_17_ppc64le.manylinux2014_ppc64le.whl", hash = "sha256:de55b766c7aa2e2a3092c51e0483d700341182f08e67c63630d5b6f200bb28e5"},
    {file = "cffi-1.17.1-cp313-cp313-manylinux_2_17_s390x.manylinux2014_s390x.whl", hash = "sha256:c59d6e989d07460165cc5ad3c61f9fd8f1b4796eacbd81cee78957842b834af4"},
    {file = "cffi-1.17.1-cp313-cp313-manylinux_2_17_x86_64.manylinux2014_x86_64.whl", hash = "sha256:dd398dbc6773384a17fe0d3e7eeb8d1a21c2200473ee6806bb5e6a8e62bb73dd"},
    {file = "cffi-1.17.1-cp313-cp313-musllinux_1_1_aarch64.whl", hash = "sha256:3edc8d958eb099c634dace3c7e16560ae474aa3803a5df240542b305d14e14ed"},
    {file = "cffi-1.17.1-cp313-cp313-musllinux_1_1_x86_64.whl", hash = "sha256:72e72408cad3d5419375fc87d289076ee319835bdfa2caad331e377589aebba9"},
    {file = "cffi-1.17.1-cp313-cp313-win32.whl", hash = "sha256:e03eab0a8677fa80d646b5ddece1cbeaf556c313dcfac435ba11f107ba117b5d"},
    {file = "cffi-1.17.1-cp313-cp313-win_amd64.whl", hash = "sha256:f6a16c31041f09ead72d69f583767292f750d24913dadacf5756b966aacb3f1a"},
    {file = "cffi-1.17.1-cp38-cp38-macosx_10_9_x86_64.whl", hash = "sha256:636062ea65bd0195bc012fea9321aca499c0504409f413dc88af450b57ffd03b"},
    {file = "cffi-1.17.1-cp38-cp38-manylinux_2_12_i686.manylinux2010_i686.manylinux_2_17_i686.manylinux2014_i686.whl", hash = "sha256:c7eac2ef9b63c79431bc4b25f1cd649d7f061a28808cbc6c47b534bd789ef964"},
    {file = "cffi-1.17.1-cp38-cp38-manylinux_2_17_aarch64.manylinux2014_aarch64.whl", hash = "sha256:e221cf152cff04059d011ee126477f0d9588303eb57e88923578ace7baad17f9"},
    {file = "cffi-1.17.1-cp38-cp38-manylinux_2_17_ppc64le.manylinux2014_ppc64le.whl", hash = "sha256:31000ec67d4221a71bd3f67df918b1f88f676f1c3b535a7eb473255fdc0b83fc"},
    {file = "cffi-1.17.1-cp38-cp38-manylinux_2_17_s390x.manylinux2014_s390x.whl", hash = "sha256:6f17be4345073b0a7b8ea599688f692ac3ef23ce28e5df79c04de519dbc4912c"},
    {file = "cffi-1.17.1-cp38-cp38-manylinux_2_17_x86_64.manylinux2014_x86_64.whl", hash = "sha256:0e2b1fac190ae3ebfe37b979cc1ce69c81f4e4fe5746bb401dca63a9062cdaf1"},
    {file = "cffi-1.17.1-cp38-cp38-win32.whl", hash = "sha256:7596d6620d3fa590f677e9ee430df2958d2d6d6de2feeae5b20e82c00b76fbf8"},
    {file = "cffi-1.17.1-cp38-cp38-win_amd64.whl", hash = "sha256:78122be759c3f8a014ce010908ae03364d00a1f81ab5c7f4a7a5120607ea56e1"},
    {file = "cffi-1.17.1-cp39-cp39-macosx_10_9_x86_64.whl", hash = "sha256:b2ab587605f4ba0bf81dc0cb08a41bd1c0a5906bd59243d56bad7668a6fc6c16"},
    {file = "cffi-1.17.1-cp39-cp39-macosx_11_0_arm64.whl", hash = "sha256:28b16024becceed8c6dfbc75629e27788d8a3f9030691a1dbf9821a128b22c36"},
    {file = "cffi-1.17.1-cp39-cp39-manylinux_2_12_i686.manylinux2010_i686.manylinux_2_17_i686.manylinux2014_i686.whl", hash = "sha256:1d599671f396c4723d016dbddb72fe8e0397082b0a77a4fab8028923bec050e8"},
    {file = "cffi-1.17.1-cp39-cp39-manylinux_2_17_aarch64.manylinux2014_aarch64.whl", hash = "sha256:ca74b8dbe6e8e8263c0ffd60277de77dcee6c837a3d0881d8c1ead7268c9e576"},
    {file = "cffi-1.17.1-cp39-cp39-manylinux_2_17_ppc64le.manylinux2014_ppc64le.whl", hash = "sha256:f7f5baafcc48261359e14bcd6d9bff6d4b28d9103847c9e136694cb0501aef87"},
    {file = "cffi-1.17.1-cp39-cp39-manylinux_2_17_s390x.manylinux2014_s390x.whl", hash = "sha256:98e3969bcff97cae1b2def8ba499ea3d6f31ddfdb7635374834cf89a1a08ecf0"},
    {file = "cffi-1.17.1-cp39-cp39-manylinux_2_17_x86_64.manylinux2014_x86_64.whl", hash = "sha256:cdf5ce3acdfd1661132f2a9c19cac174758dc2352bfe37d98aa7512c6b7178b3"},
    {file = "cffi-1.17.1-cp39-cp39-musllinux_1_1_aarch64.whl", hash = "sha256:9755e4345d1ec879e3849e62222a18c7174d65a6a92d5b346b1863912168b595"},
    {file = "cffi-1.17.1-cp39-cp39-musllinux_1_1_i686.whl", hash = "sha256:f1e22e8c4419538cb197e4dd60acc919d7696e5ef98ee4da4e01d3f8cfa4cc5a"},
    {file = "cffi-1.17.1-cp39-cp39-musllinux_1_1_x86_64.whl", hash = "sha256:c03e868a0b3bc35839ba98e74211ed2b05d2119be4e8a0f224fba9384f1fe02e"},
    {file = "cffi-1.17.1-cp39-cp39-win32.whl", hash = "sha256:e31ae45bc2e29f6b2abd0de1cc3b9d5205aa847cafaecb8af1476a609a2f6eb7"},
    {file = "cffi-1.17.1-cp39-cp39-win_amd64.whl", hash = "sha256:d016c76bdd850f3c626af19b0542c9677ba156e4ee4fccfdd7848803533ef662"},
    {file = "cffi-1.17.1.tar.gz", hash = "sha256:1c39c6016c32bc48dd54561950ebd6836e1670f2ae46128f67cf49e789c52824"},
]

[package.dependencies]
pycparser = "*"

[[package]]
name = "cryptography"
version = "45.0.3"
description = "cryptography is a package which provides cryptographic recipes and primitives to Python developers."
optional = false
python-versions = "!=3.9.0,!=3.9.1,>=3.7"
groups = ["main"]
files = [
    {file = "cryptography-45.0.3-cp311-abi3-macosx_10_9_universal2.whl", hash = "sha256:7573d9eebaeceeb55285205dbbb8753ac1e962af3d9640791d12b36864065e71"},
    {file = "cryptography-45.0.3-cp311-abi3-manylinux_2_17_aarch64.manylinux2014_aarch64.whl", hash = "sha256:d377dde61c5d67eb4311eace661c3efda46c62113ff56bf05e2d679e02aebb5b"},
    {file = "cryptography-45.0.3-cp311-abi3-manylinux_2_17_x86_64.manylinux2014_x86_64.whl", hash = "sha256:fae1e637f527750811588e4582988932c222f8251f7b7ea93739acb624e1487f"},
    {file = "cryptography-45.0.3-cp311-abi3-manylinux_2_28_aarch64.whl", hash = "sha256:ca932e11218bcc9ef812aa497cdf669484870ecbcf2d99b765d6c27a86000942"},
    {file = "cryptography-45.0.3-cp311-abi3-manylinux_2_28_armv7l.manylinux_2_31_armv7l.whl", hash = "sha256:af3f92b1dc25621f5fad065288a44ac790c5798e986a34d393ab27d2b27fcff9"},
    {file = "cryptography-45.0.3-cp311-abi3-manylinux_2_28_x86_64.whl", hash = "sha256:2f8f8f0b73b885ddd7f3d8c2b2234a7d3ba49002b0223f58cfde1bedd9563c56"},
    {file = "cryptography-45.0.3-cp311-abi3-manylinux_2_34_aarch64.whl", hash = "sha256:9cc80ce69032ffa528b5e16d217fa4d8d4bb7d6ba8659c1b4d74a1b0f4235fca"},
    {file = "cryptography-45.0.3-cp311-abi3-manylinux_2_34_x86_64.whl", hash = "sha256:c824c9281cb628015bfc3c59335163d4ca0540d49de4582d6c2637312907e4b1"},
    {file = "cryptography-45.0.3-cp311-abi3-musllinux_1_2_aarch64.whl", hash = "sha256:5833bb4355cb377ebd880457663a972cd044e7f49585aee39245c0d592904578"},
    {file = "cryptography-45.0.3-cp311-abi3-musllinux_1_2_x86_64.whl", hash = "sha256:9bb5bf55dcb69f7067d80354d0a348368da907345a2c448b0babc4215ccd3497"},
    {file = "cryptography-45.0.3-cp311-abi3-win32.whl", hash = "sha256:3ad69eeb92a9de9421e1f6685e85a10fbcfb75c833b42cc9bc2ba9fb00da4710"},
    {file = "cryptography-45.0.3-cp311-abi3-win_amd64.whl", hash = "sha256:97787952246a77d77934d41b62fb1b6f3581d83f71b44796a4158d93b8f5c490"},
    {file = "cryptography-45.0.3-cp37-abi3-macosx_10_9_universal2.whl", hash = "sha256:c92519d242703b675ccefd0f0562eb45e74d438e001f8ab52d628e885751fb06"},
    {file = "cryptography-45.0.3-cp37-abi3-manylinux_2_17_aarch64.manylinux2014_aarch64.whl", hash = "sha256:c5edcb90da1843df85292ef3a313513766a78fbbb83f584a5a58fb001a5a9d57"},
    {file = "cryptography-45.0.3-cp37-abi3-manylinux_2_17_x86_64.manylinux2014_x86_64.whl", hash = "sha256:38deed72285c7ed699864f964a3f4cf11ab3fb38e8d39cfcd96710cd2b5bb716"},
    {file = "cryptography-45.0.3-cp37-abi3-manylinux_2_28_aarch64.whl", hash = "sha256:5555365a50efe1f486eed6ac7062c33b97ccef409f5970a0b6f205a7cfab59c8"},
    {file = "cryptography-45.0.3-cp37-abi3-manylinux_2_28_armv7l.manylinux_2_31_armv7l.whl", hash = "sha256:9e4253ed8f5948a3589b3caee7ad9a5bf218ffd16869c516535325fece163dcc"},
    {file = "cryptography-45.0.3-cp37-abi3-manylinux_2_28_x86_64.whl", hash = "sha256:cfd84777b4b6684955ce86156cfb5e08d75e80dc2585e10d69e47f014f0a5342"},
    {file = "cryptography-45.0.3-cp37-abi3-manylinux_2_34_aarch64.whl", hash = "sha256:a2b56de3417fd5f48773ad8e91abaa700b678dc7fe1e0c757e1ae340779acf7b"},
    {file = "cryptography-45.0.3-cp37-abi3-manylinux_2_34_x86_64.whl", hash = "sha256:57a6500d459e8035e813bd8b51b671977fb149a8c95ed814989da682314d0782"},
    {file = "cryptography-45.0.3-cp37-abi3-musllinux_1_2_aarch64.whl", hash = "sha256:f22af3c78abfbc7cbcdf2c55d23c3e022e1a462ee2481011d518c7fb9c9f3d65"},
    {file = "cryptography-45.0.3-cp37-abi3-musllinux_1_2_x86_64.whl", hash = "sha256:232954730c362638544758a8160c4ee1b832dc011d2c41a306ad8f7cccc5bb0b"},
    {file = "cryptography-45.0.3-cp37-abi3-win32.whl", hash = "sha256:cb6ab89421bc90e0422aca911c69044c2912fc3debb19bb3c1bfe28ee3dff6ab"},
    {file = "cryptography-45.0.3-cp37-abi3-win_amd64.whl", hash = "sha256:d54ae41e6bd70ea23707843021c778f151ca258081586f0cfa31d936ae43d1b2"},
    {file = "cryptography-45.0.3-pp310-pypy310_pp73-macosx_10_9_x86_64.whl", hash = "sha256:ed43d396f42028c1f47b5fec012e9e12631266e3825e95c00e3cf94d472dac49"},
    {file = "cryptography-45.0.3-pp310-pypy310_pp73-manylinux_2_28_aarch64.whl", hash = "sha256:fed5aaca1750e46db870874c9c273cd5182a9e9deb16f06f7bdffdb5c2bde4b9"},
    {file = "cryptography-45.0.3-pp310-pypy310_pp73-manylinux_2_28_x86_64.whl", hash = "sha256:00094838ecc7c6594171e8c8a9166124c1197b074cfca23645cee573910d76bc"},
    {file = "cryptography-45.0.3-pp310-pypy310_pp73-manylinux_2_34_aarch64.whl", hash = "sha256:92d5f428c1a0439b2040435a1d6bc1b26ebf0af88b093c3628913dd464d13fa1"},
    {file = "cryptography-45.0.3-pp310-pypy310_pp73-manylinux_2_34_x86_64.whl", hash = "sha256:ec64ee375b5aaa354b2b273c921144a660a511f9df8785e6d1c942967106438e"},
    {file = "cryptography-45.0.3-pp310-pypy310_pp73-win_amd64.whl", hash = "sha256:71320fbefd05454ef2d457c481ba9a5b0e540f3753354fff6f780927c25d19b0"},
    {file = "cryptography-45.0.3-pp311-pypy311_pp73-macosx_10_9_x86_64.whl", hash = "sha256:edd6d51869beb7f0d472e902ef231a9b7689508e83880ea16ca3311a00bf5ce7"},
    {file = "cryptography-45.0.3-pp311-pypy311_pp73-manylinux_2_28_aarch64.whl", hash = "sha256:555e5e2d3a53b4fabeca32835878b2818b3f23966a4efb0d566689777c5a12c8"},
    {file = "cryptography-45.0.3-pp311-pypy311_pp73-manylinux_2_28_x86_64.whl", hash = "sha256:25286aacb947286620a31f78f2ed1a32cded7be5d8b729ba3fb2c988457639e4"},
    {file = "cryptography-45.0.3-pp311-pypy311_pp73-manylinux_2_34_aarch64.whl", hash = "sha256:050ce5209d5072472971e6efbfc8ec5a8f9a841de5a4db0ebd9c2e392cb81972"},
    {file = "cryptography-45.0.3-pp311-pypy311_pp73-manylinux_2_34_x86_64.whl", hash = "sha256:dc10ec1e9f21f33420cc05214989544727e776286c1c16697178978327b95c9c"},
    {file = "cryptography-45.0.3-pp311-pypy311_pp73-win_amd64.whl", hash = "sha256:9eda14f049d7f09c2e8fb411dda17dd6b16a3c76a1de5e249188a32aeb92de19"},
    {file = "cryptography-45.0.3.tar.gz", hash = "sha256:ec21313dd335c51d7877baf2972569f40a4291b76a0ce51391523ae358d05899"},
]

[package.dependencies]
cffi = {version = ">=1.14", markers = "platform_python_implementation != \"PyPy\""}

[package.extras]
docs = ["sphinx (>=5.3.0)", "sphinx-inline-tabs ; python_full_version >= \"3.8.0\"", "sphinx-rtd-theme (>=3.0.0) ; python_full_version >= \"3.8.0\""]
docstest = ["pyenchant (>=3)", "readme-renderer (>=30.0)", "sphinxcontrib-spelling (>=7.3.1)"]
nox = ["nox (>=2024.4.15)", "nox[uv] (>=2024.3.2) ; python_full_version >= \"3.8.0\""]
pep8test = ["check-sdist ; python_full_version >= \"3.8.0\"", "click (>=8.0.1)", "mypy (>=1.4)", "ruff (>=0.3.6)"]
sdist = ["build (>=1.0.0)"]
ssh = ["bcrypt (>=3.1.5)"]
test = ["certifi (>=2024)", "cryptography-vectors (==45.0.3)", "pretend (>=0.7)", "pytest (>=7.4.0)", "pytest-benchmark (>=4.0)", "pytest-cov (>=2.10.1)", "pytest-xdist (>=3.5.0)"]
test-randomorder = ["pytest-randomly"]

[[package]]
name = "django"
version = "5.2.1"
description = "A high-level Python web framework that encourages rapid development and clean, pragmatic design."
optional = false
python-versions = ">=3.10"
groups = ["main"]
files = [
    {file = "django-5.2.1-py3-none-any.whl", hash = "sha256:a9b680e84f9a0e71da83e399f1e922e1ab37b2173ced046b541c72e1589a5961"},
    {file = "django-5.2.1.tar.gz", hash = "sha256:57fe1f1b59462caed092c80b3dd324fd92161b620d59a9ba9181c34746c97284"},
]

[package.dependencies]
asgiref = ">=3.8.1"
sqlparse = ">=0.3.1"
tzdata = {version = "*", markers = "sys_platform == \"win32\""}

[package.extras]
argon2 = ["argon2-cffi (>=19.1.0)"]
bcrypt = ["bcrypt"]

[[package]]
name = "djangorestframework"
version = "3.16.0"
description = "Web APIs for Django, made easy."
optional = false
python-versions = ">=3.9"
groups = ["main"]
files = [
    {file = "djangorestframework-3.16.0-py3-none-any.whl", hash = "sha256:bea7e9f6b96a8584c5224bfb2e4348dfb3f8b5e34edbecb98da258e892089361"},
    {file = "djangorestframework-3.16.0.tar.gz", hash = "sha256:f022ff46613584de994c0c6a4aebbace5fd700555fbe9d33b865ebf173eba6c9"},
]

[package.dependencies]
django = ">=4.2"

[[package]]
name = "ecdsa"
version = "0.19.1"
description = "ECDSA cryptographic signature library (pure python)"
optional = false
python-versions = "!=3.0.*,!=3.1.*,!=3.2.*,!=3.3.*,!=3.4.*,!=3.5.*,>=2.6"
groups = ["main"]
files = [
    {file = "ecdsa-0.19.1-py2.py3-none-any.whl", hash = "sha256:30638e27cf77b7e15c4c4cc1973720149e1033827cfd00661ca5c8cc0cdb24c3"},
    {file = "ecdsa-0.19.1.tar.gz", hash = "sha256:478cba7b62555866fcb3bb3fe985e06decbdb68ef55713c4e5ab98c57d508e61"},
]

[package.dependencies]
six = ">=1.9.0"

[package.extras]
gmpy = ["gmpy"]
gmpy2 = ["gmpy2"]

[[package]]
name = "psycopg2"
version = "2.9.10"
description = "psycopg2 - Python-PostgreSQL Database Adapter"
optional = false
python-versions = ">=3.8"
groups = ["main"]
files = [
    {file = "psycopg2-2.9.10-cp310-cp310-win32.whl", hash = "sha256:5df2b672140f95adb453af93a7d669d7a7bf0a56bcd26f1502329166f4a61716"},
    {file = "psycopg2-2.9.10-cp310-cp310-win_amd64.whl", hash = "sha256:c6f7b8561225f9e711a9c47087388a97fdc948211c10a4bccbf0ba68ab7b3b5a"},
    {file = "psycopg2-2.9.10-cp311-cp311-win32.whl", hash = "sha256:47c4f9875125344f4c2b870e41b6aad585901318068acd01de93f3677a6522c2"},
    {file = "psycopg2-2.9.10-cp311-cp311-win_amd64.whl", hash = "sha256:0435034157049f6846e95103bd8f5a668788dd913a7c30162ca9503fdf542cb4"},
    {file = "psycopg2-2.9.10-cp312-cp312-win32.whl", hash = "sha256:65a63d7ab0e067e2cdb3cf266de39663203d38d6a8ed97f5ca0cb315c73fe067"},
    {file = "psycopg2-2.9.10-cp312-cp312-win_amd64.whl", hash = "sha256:4a579d6243da40a7b3182e0430493dbd55950c493d8c68f4eec0b302f6bbf20e"},
    {file = "psycopg2-2.9.10-cp313-cp313-win_amd64.whl", hash = "sha256:91fd603a2155da8d0cfcdbf8ab24a2d54bca72795b90d2a3ed2b6da8d979dee2"},
    {file = "psycopg2-2.9.10-cp39-cp39-win32.whl", hash = "sha256:9d5b3b94b79a844a986d029eee38998232451119ad653aea42bb9220a8c5066b"},
    {file = "psycopg2-2.9.10-cp39-cp39-win_amd64.whl", hash = "sha256:88138c8dedcbfa96408023ea2b0c369eda40fe5d75002c0964c78f46f11fa442"},
    {file = "psycopg2-2.9.10.tar.gz", hash = "sha256:12ec0b40b0273f95296233e8750441339298e6a572f7039da5b260e3c8b60e11"},
]

[[package]]
name = "pyasn1"
version = "0.4.8"
description = "ASN.1 types and codecs"
optional = false
python-versions = "*"
groups = ["main"]
files = [
    {file = "pyasn1-0.4.8-py2.py3-none-any.whl", hash = "sha256:39c7e2ec30515947ff4e87fb6f456dfc6e84857d34be479c9d4a4ba4bf46aa5d"},
    {file = "pyasn1-0.4.8.tar.gz", hash = "sha256:aef77c9fb94a3ac588e87841208bdec464471d9871bd5050a287cc9a475cd0ba"},
]

[[package]]
name = "pycparser"
version = "2.22"
description = "C parser in Python"
optional = false
python-versions = ">=3.8"
groups = ["main"]
markers = "platform_python_implementation != \"PyPy\""
files = [
    {file = "pycparser-2.22-py3-none-any.whl", hash = "sha256:c3702b6d3dd8c7abc1afa565d7e63d53a1d0bd86cdc24edd75470f4de499cfcc"},
    {file = "pycparser-2.22.tar.gz", hash = "sha256:491c8be9c040f5390f5bf44a5b07752bd07f56edf992381b05c701439eec10f6"},
]

[[package]]
name = "python-dotenv"
version = "1.1.0"
description = "Read key-value pairs from a .env file and set them as environment variables"
optional = false
python-versions = ">=3.9"
groups = ["main"]
files = [
    {file = "python_dotenv-1.1.0-py3-none-any.whl", hash = "sha256:d7c01d9e2293916c18baf562d95698754b0dbbb5e74d457c45d4f6561fb9d55d"},
    {file = "python_dotenv-1.1.0.tar.gz", hash = "sha256:41f90bc6f5f177fb41f53e87666db362025010eb28f60a01c9143bfa33a2b2d5"},
]

[package.extras]
cli = ["click (>=5.0)"]

[[package]]
name = "python-jose"
version = "3.4.0"
description = "JOSE implementation in Python"
optional = false
python-versions = "*"
groups = ["main"]
files = [
    {file = "python-jose-3.4.0.tar.gz", hash = "sha256:9a9a40f418ced8ecaf7e3b28d69887ceaa76adad3bcaa6dae0d9e596fec1d680"},
    {file = "python_jose-3.4.0-py2.py3-none-any.whl", hash = "sha256:9c9f616819652d109bd889ecd1e15e9a162b9b94d682534c9c2146092945b78f"},
]

[package.dependencies]
ecdsa = "!=0.15"
pyasn1 = ">=0.4.1,<0.5.0"
rsa = ">=4.0,<4.1.1 || >4.1.1,<4.4 || >4.4,<5.0"

[package.extras]
cryptography = ["cryptography (>=3.4.0)"]
pycrypto = ["pycrypto (>=2.6.0,<2.7.0)"]
pycryptodome = ["pycryptodome (>=3.3.1,<4.0.0)"]
test = ["pytest", "pytest-cov"]

[[package]]
name = "rsa"
version = "4.2"
description = "Pure-Python RSA implementation"
optional = false
python-versions = "*"
groups = ["main"]
files = [
    {file = "rsa-4.2.tar.gz", hash = "sha256:aaefa4b84752e3e99bd8333a2e1e3e7a7da64614042bd66f775573424370108a"},
]

[package.dependencies]
pyasn1 = ">=0.1.3"

[[package]]
name = "six"
version = "1.17.0"
description = "Python 2 and 3 compatibility utilities"
optional = false
python-versions = "!=3.0.*,!=3.1.*,!=3.2.*,>=2.7"
groups = ["main"]
files = [
    {file = "six-1.17.0-py2.py3-none-any.whl", hash = "sha256:4721f391ed90541fddacab5acf947aa0d3dc7d27b2e1e8eda2be8970586c3274"},
    {file = "six-1.17.0.tar.gz", hash = "sha256:ff70335d468e7eb6ec65b95b99d3a2836546063f63acc5171de367e834932a81"},
]

[[package]]
name = "sqlparse"
version = "0.5.3"
description = "A non-validating SQL parser."
optional = false
python-versions = ">=3.8"
groups = ["main"]
files = [
    {file = "sqlparse-0.5.3-py3-none-any.whl", hash = "sha256:cf2196ed3418f3ba5de6af7e82c694a9fbdbfecccdfc72e281548517081f16ca"},
    {file = "sqlparse-0.5.3.tar.gz", hash = "sha256:09f67787f56a0b16ecdbde1bfc7f5d9c3371ca683cfeaa8e6ff60b4807ec9272"},
]

[package.extras]
dev = ["build", "hatch"]
doc = ["sphinx"]

[[package]]
name = "tzdata"
version = "2025.2"
description = "Provider of IANA time zone data"
optional = false
python-versions = ">=2"
groups = ["main"]
markers = "sys_platform == \"win32\""
files = [
    {file = "tzdata-2025.2-py2.py3-none-any.whl", hash = "sha256:1a403fada01ff9221ca8044d701868fa132215d84beb92242d9acd2147f667a8"},
    {file = "tzdata-2025.2.tar.gz", hash = "sha256:b60a638fcc0daffadf82fe0f57e53d06bdec2f36c4df66280ae79bce6bd6f2b9"},
]

[metadata]
lock-version = "2.1"
python-versions = ">=3.13"
content-hash = "a32718c6145a29ebdff6ca669b9bc55757e0b887ccdcbb88ec24c9bedaf80cd6"
